
Microsoft Visual Studio Solution File, Format Version 12.00
# Visual Studio 15
VisualStudioVersion = 15.0.26430.12
MinimumVisualStudioVersion = 10.0.40219.1
Project("{FAE04EC0-301F-11D3-BF4B-00C04F79EFBC}") = "WebAPIODataV4", "WebAPIODataV4\WebAPIODataV4.csproj", "{DE8CF089-3ACA-4387-A68C-A6F00D844BFF}"
EndProject
Global
	GlobalSection(SolutionConfigurationPlatforms) = preSolution
		Debug|Any CPU = Debug|Any CPU
		Release|Any CPU = Release|Any CPU
	EndGlobalSection
	GlobalSection(ProjectConfigurationPlatforms) = postSolution
		{DE8CF089-3ACA-4387-A68C-A6F00D844BFF}.Debug|Any CPU.ActiveCfg = Debug|Any CPU
		{DE8CF089-3ACA-4387-A68C-A6F00D844BFF}.Debug|Any CPU.Build.0 = Debug|Any CPU
		{DE8CF089-3ACA-4387-A68C-A6F00D844BFF}.Release|Any CPU.ActiveCfg = Release|Any CPU
		{DE8CF089-3ACA-4387-A68C-A6F00D844BFF}.Release|Any CPU.Build.0 = Release|Any CPU
	EndGlobalSection
	GlobalSection(SolutionProperties) = preSolution
		HideSolutionNode = FALSE
	EndGlobalSection
EndGlobal
